
Microsoft Visual Studio Solution File, Format Version 12.00
# Visual Studio Version 17
VisualStudioVersion = 17.8.34322.80
MinimumVisualStudioVersion = 10.0.40219.1
Project("{9A19103F-16F7-4668-BE54-9A1E7A4F7556}") = "UMBIT.Precatorios.API", "UMBIT.PeTinder.API\UMBIT.Precatorios.API.csproj", "{630691A2-7F1B-46D5-B42A-3419C740A854}"
EndProject
Project("{2150E333-8FDC-42A3-9474-1A3956D46DE8}") = "1 - Interface", "1 - Interface", "{37879EEE-A7F7-45EE-8CC9-B339B2B44A50}"
EndProject
Project("{2150E333-8FDC-42A3-9474-1A3956D46DE8}") = "2 - Dominio", "2 - Dominio", "{C6E0952D-FA8A-418B-8E17-D5C7B5E432A1}"
EndProject
Project("{2150E333-8FDC-42A3-9474-1A3956D46DE8}") = "3 - Infraestrutura", "3 - Infraestrutura", "{70D3EEC7-2DC9-499D-9BC4-449F2580864A}"
EndProject
Project("{9A19103F-16F7-4668-BE54-9A1E7A4F7556}") = "UMBIT.Precatorios.Dominio", "UMBIT.PeTinder.Dominio\UMBIT.Precatorios.Dominio.csproj", "{930DFBAF-E41A-4A1A-A8C3-64A21A36999B}"
EndProject
Project("{9A19103F-16F7-4668-BE54-9A1E7A4F7556}") = "UMBIT.Precatorios.Infraestrutura", "UMBIT.PeTinder.Infraestrutura\UMBIT.Precatorios.Infraestrutura.csproj", "{0656C2D9-89C4-43F4-89B9-C61115525EAB}"
EndProject
Project("{2150E333-8FDC-42A3-9474-1A3956D46DE8}") = "src", "src", "{CBC8E6FA-7999-4B7C-9FD2-7EC4C50982F0}"
EndProject
Project("{2150E333-8FDC-42A3-9474-1A3956D46DE8}") = "services", "services", "{89D16B7F-B6AB-4823-8FD1-FBB8BDC8FB27}"
EndProject
Project("{2150E333-8FDC-42A3-9474-1A3956D46DE8}") = "app", "app", "{905ADEE9-D159-4C09-80EC-64C9079642CA}"
EndProject
Project("{2150E333-8FDC-42A3-9474-1A3956D46DE8}") = "buildBlock", "buildBlock", "{8176AF62-803D-4A64-BB93-D73B4CA3AA84}"
EndProject
Project("{2150E333-8FDC-42A3-9474-1A3956D46DE8}") = "core", "core", "{477B48DD-5154-48F1-85FE-624C697E2474}"
EndProject
Project("{9A19103F-16F7-4668-BE54-9A1E7A4F7556}") = "UMBIT.Precatorios.Core", "UMBIT.PeTinder.Core\UMBIT.Precatorios.Core.csproj", "{3F20B81E-74C6-43EA-A8DB-313F7E3E01C0}"
EndProject
Project("{2150E333-8FDC-42A3-9474-1A3956D46DE8}") = "0 -Contrato", "0 -Contrato", "{49DCD1DB-8ED8-49BF-8CD6-6AFC1BCB962C}"
EndProject
Project("{9A19103F-16F7-4668-BE54-9A1E7A4F7556}") = "UMBIT.Precatorios.Contrato", "UMBIT.PeTinder.Contrato\UMBIT.Precatorios.Contrato.csproj", "{84897A5F-EF92-48F6-B23D-66884AA31BC2}"
EndProject
Global
	GlobalSection(SolutionConfigurationPlatforms) = preSolution
		Debug|Any CPU = Debug|Any CPU
		Release|Any CPU = Release|Any CPU
	EndGlobalSection
	GlobalSection(ProjectConfigurationPlatforms) = postSolution
		{630691A2-7F1B-46D5-B42A-3419C740A854}.Debug|Any CPU.ActiveCfg = Debug|Any CPU
		{630691A2-7F1B-46D5-B42A-3419C740A854}.Debug|Any CPU.Build.0 = Debug|Any CPU
		{630691A2-7F1B-46D5-B42A-3419C740A854}.Release|Any CPU.ActiveCfg = Release|Any CPU
		{630691A2-7F1B-46D5-B42A-3419C740A854}.Release|Any CPU.Build.0 = Release|Any CPU
		{930DFBAF-E41A-4A1A-A8C3-64A21A36999B}.Debug|Any CPU.ActiveCfg = Debug|Any CPU
		{930DFBAF-E41A-4A1A-A8C3-64A21A36999B}.Debug|Any CPU.Build.0 = Debug|Any CPU
		{930DFBAF-E41A-4A1A-A8C3-64A21A36999B}.Release|Any CPU.ActiveCfg = Release|Any CPU
		{930DFBAF-E41A-4A1A-A8C3-64A21A36999B}.Release|Any CPU.Build.0 = Release|Any CPU
		{0656C2D9-89C4-43F4-89B9-C61115525EAB}.Debug|Any CPU.ActiveCfg = Debug|Any CPU
		{0656C2D9-89C4-43F4-89B9-C61115525EAB}.Debug|Any CPU.Build.0 = Debug|Any CPU
		{0656C2D9-89C4-43F4-89B9-C61115525EAB}.Release|Any CPU.ActiveCfg = Release|Any CPU
		{0656C2D9-89C4-43F4-89B9-C61115525EAB}.Release|Any CPU.Build.0 = Release|Any CPU
		{3F20B81E-74C6-43EA-A8DB-313F7E3E01C0}.Debug|Any CPU.ActiveCfg = Debug|Any CPU
		{3F20B81E-74C6-43EA-A8DB-313F7E3E01C0}.Debug|Any CPU.Build.0 = Debug|Any CPU
		{3F20B81E-74C6-43EA-A8DB-313F7E3E01C0}.Release|Any CPU.ActiveCfg = Release|Any CPU
		{3F20B81E-74C6-43EA-A8DB-313F7E3E01C0}.Release|Any CPU.Build.0 = Release|Any CPU
		{84897A5F-EF92-48F6-B23D-66884AA31BC2}.Debug|Any CPU.ActiveCfg = Debug|Any CPU
		{84897A5F-EF92-48F6-B23D-66884AA31BC2}.Debug|Any CPU.Build.0 = Debug|Any CPU
		{84897A5F-EF92-48F6-B23D-66884AA31BC2}.Release|Any CPU.ActiveCfg = Release|Any CPU
		{84897A5F-EF92-48F6-B23D-66884AA31BC2}.Release|Any CPU.Build.0 = Release|Any CPU
	EndGlobalSection
	GlobalSection(SolutionProperties) = preSolution
		HideSolutionNode = FALSE
	EndGlobalSection
	GlobalSection(NestedProjects) = preSolution
		{630691A2-7F1B-46D5-B42A-3419C740A854} = {37879EEE-A7F7-45EE-8CC9-B339B2B44A50}
		{37879EEE-A7F7-45EE-8CC9-B339B2B44A50} = {905ADEE9-D159-4C09-80EC-64C9079642CA}
		{C6E0952D-FA8A-418B-8E17-D5C7B5E432A1} = {905ADEE9-D159-4C09-80EC-64C9079642CA}
		{70D3EEC7-2DC9-499D-9BC4-449F2580864A} = {905ADEE9-D159-4C09-80EC-64C9079642CA}
		{930DFBAF-E41A-4A1A-A8C3-64A21A36999B} = {C6E0952D-FA8A-418B-8E17-D5C7B5E432A1}
		{0656C2D9-89C4-43F4-89B9-C61115525EAB} = {70D3EEC7-2DC9-499D-9BC4-449F2580864A}
		{89D16B7F-B6AB-4823-8FD1-FBB8BDC8FB27} = {CBC8E6FA-7999-4B7C-9FD2-7EC4C50982F0}
		{905ADEE9-D159-4C09-80EC-64C9079642CA} = {89D16B7F-B6AB-4823-8FD1-FBB8BDC8FB27}
		{8176AF62-803D-4A64-BB93-D73B4CA3AA84} = {CBC8E6FA-7999-4B7C-9FD2-7EC4C50982F0}
		{477B48DD-5154-48F1-85FE-624C697E2474} = {8176AF62-803D-4A64-BB93-D73B4CA3AA84}
		{3F20B81E-74C6-43EA-A8DB-313F7E3E01C0} = {477B48DD-5154-48F1-85FE-624C697E2474}
		{49DCD1DB-8ED8-49BF-8CD6-6AFC1BCB962C} = {905ADEE9-D159-4C09-80EC-64C9079642CA}
		{84897A5F-EF92-48F6-B23D-66884AA31BC2} = {49DCD1DB-8ED8-49BF-8CD6-6AFC1BCB962C}
	EndGlobalSection
	GlobalSection(ExtensibilityGlobals) = postSolution
		SolutionGuid = {565341CF-C8BB-48E7-91F7-8B40D2D1FD20}
	EndGlobalSection
EndGlobal
